
Microsoft Visual Studio Solution File, Format Version 12.00
# Visual Studio Version 17
VisualStudioVersion = 17.5.2.0
MinimumVisualStudioVersion = 10.0.40219.1
Project("{FAE04EC0-301F-11D3-BF4B-00C04F79EFBC}") = "BookBuddi.WebApp", "BookBuddi.WebApp\BookBuddi.WebApp.csproj", "{02EA503C-9319-D199-8055-631CE63E4483}"
EndProject
Project("{FAE04EC0-301F-11D3-BF4B-00C04F79EFBC}") = "BookBuddi.Data", "BookBuddi.Data\BookBuddi.Data.csproj", "{31CAE250-B2F8-4A6A-BFAE-03B9111ADD01}"
EndProject
Project("{FAE04EC0-301F-11D3-BF4B-00C04F79EFBC}") = "BookBuddi.Services", "BookBuddi.Services\BookBuddi.Services.csproj", "{D88064F6-832F-4436-B31F-B57E97D73390}"
EndProject
Project("{FAE04EC0-301F-11D3-BF4B-00C04F79EFBC}") = "BookBuddi.Resources", "BookBuddi.Resources\BookBuddi.Resources.csproj", "{EB500381-0300-4F22-87AA-4FE6887AFFDC}"
EndProject
Global
	GlobalSection(SolutionConfigurationPlatforms) = preSolution
		Debug|Any CPU = Debug|Any CPU
		Debug|x64 = Debug|x64
		Debug|x86 = Debug|x86
		Release|Any CPU = Release|Any CPU
		Release|x64 = Release|x64
		Release|x86 = Release|x86
	EndGlobalSection
	GlobalSection(ProjectConfigurationPlatforms) = postSolution
		{02EA503C-9319-D199-8055-631CE63E4483}.Debug|Any CPU.ActiveCfg = Debug|Any CPU
		{02EA503C-9319-D199-8055-631CE63E4483}.Debug|Any CPU.Build.0 = Debug|Any CPU
		{02EA503C-9319-D199-8055-631CE63E4483}.Debug|x64.ActiveCfg = Debug|Any CPU
		{02EA503C-9319-D199-8055-631CE63E4483}.Debug|x64.Build.0 = Debug|Any CPU
		{02EA503C-9319-D199-8055-631CE63E4483}.Debug|x86.ActiveCfg = Debug|Any CPU
		{02EA503C-9319-D199-8055-631CE63E4483}.Debug|x86.Build.0 = Debug|Any CPU
		{02EA503C-9319-D199-8055-631CE63E4483}.Release|Any CPU.ActiveCfg = Release|Any CPU
		{02EA503C-9319-D199-8055-631CE63E4483}.Release|Any CPU.Build.0 = Release|Any CPU
		{02EA503C-9319-D199-8055-631CE63E4483}.Release|x64.ActiveCfg = Release|Any CPU
		{02EA503C-9319-D199-8055-631CE63E4483}.Release|x64.Build.0 = Release|Any CPU
		{02EA503C-9319-D199-8055-631CE63E4483}.Release|x86.ActiveCfg = Release|Any CPU
		{02EA503C-9319-D199-8055-631CE63E4483}.Release|x86.Build.0 = Release|Any CPU
		{31CAE250-B2F8-4A6A-BFAE-03B9111ADD01}.Debug|Any CPU.ActiveCfg = Debug|Any CPU
		{31CAE250-B2F8-4A6A-BFAE-03B9111ADD01}.Debug|Any CPU.Build.0 = Debug|Any CPU
		{31CAE250-B2F8-4A6A-BFAE-03B9111ADD01}.Debug|x64.ActiveCfg = Debug|Any CPU
		{31CAE250-B2F8-4A6A-BFAE-03B9111ADD01}.Debug|x64.Build.0 = Debug|Any CPU
		{31CAE250-B2F8-4A6A-BFAE-03B9111ADD01}.Debug|x86.ActiveCfg = Debug|Any CPU
		{31CAE250-B2F8-4A6A-BFAE-03B9111ADD01}.Debug|x86.Build.0 = Debug|Any CPU
		{31CAE250-B2F8-4A6A-BFAE-03B9111ADD01}.Release|Any CPU.ActiveCfg = Release|Any CPU
		{31CAE250-B2F8-4A6A-BFAE-03B9111ADD01}.Release|Any CPU.Build.0 = Release|Any CPU
		{31CAE250-B2F8-4A6A-BFAE-03B9111ADD01}.Release|x64.ActiveCfg = Release|Any CPU
		{31CAE250-B2F8-4A6A-BFAE-03B9111ADD01}.Release|x64.Build.0 = Release|Any CPU
		{31CAE250-B2F8-4A6A-BFAE-03B9111ADD01}.Release|x86.ActiveCfg = Release|Any CPU
		{31CAE250-B2F8-4A6A-BFAE-03B9111ADD01}.Release|x86.Build.0 = Release|Any CPU
		{D88064F6-832F-4436-B31F-B57E97D73390}.Debug|Any CPU.ActiveCfg = Debug|Any CPU
		{D88064F6-832F-4436-B31F-B57E97D73390}.Debug|Any CPU.Build.0 = Debug|Any CPU
		{D88064F6-832F-4436-B31F-B57E97D73390}.Debug|x64.ActiveCfg = Debug|Any CPU
		{D88064F6-832F-4436-B31F-B57E97D73390}.Debug|x64.Build.0 = Debug|Any CPU
		{D88064F6-832F-4436-B31F-B57E97D73390}.Debug|x86.ActiveCfg = Debug|Any CPU
		{D88064F6-832F-4436-B31F-B57E97D73390}.Debug|x86.Build.0 = Debug|Any CPU
		{D88064F6-832F-4436-B31F-B57E97D73390}.Release|Any CPU.ActiveCfg = Release|Any CPU
		{D88064F6-832F-4436-B31F-B57E97D73390}.Release|Any CPU.Build.0 = Release|Any CPU
		{D88064F6-832F-4436-B31F-B57E97D73390}.Release|x64.ActiveCfg = Release|Any CPU
		{D88064F6-832F-4436-B31F-B57E97D73390}.Release|x64.Build.0 = Release|Any CPU
		{D88064F6-832F-4436-B31F-B57E97D73390}.Release|x86.ActiveCfg = Release|Any CPU
		{D88064F6-832F-4436-B31F-B57E97D73390}.Release|x86.Build.0 = Release|Any CPU
		{EB500381-0300-4F22-87AA-4FE6887AFFDC}.Debug|Any CPU.ActiveCfg = Debug|Any CPU
		{EB500381-0300-4F22-87AA-4FE6887AFFDC}.Debug|Any CPU.Build.0 = Debug|Any CPU
		{EB500381-0300-4F22-87AA-4FE6887AFFDC}.Debug|x64.ActiveCfg = Debug|Any CPU
		{EB500381-0300-4F22-87AA-4FE6887AFFDC}.Debug|x64.Build.0 = Debug|Any CPU
		{EB500381-0300-4F22-87AA-4FE6887AFFDC}.Debug|x86.ActiveCfg = Debug|Any CPU
		{EB500381-0300-4F22-87AA-4FE6887AFFDC}.Debug|x86.Build.0 = Debug|Any CPU
		{EB500381-0300-4F22-87AA-4FE6887AFFDC}.Release|Any CPU.ActiveCfg = Release|Any CPU
		{EB500381-0300-4F22-87AA-4FE6887AFFDC}.Release|Any CPU.Build.0 = Release|Any CPU
		{EB500381-0300-4F22-87AA-4FE6887AFFDC}.Release|x64.ActiveCfg = Release|Any CPU
		{EB500381-0300-4F22-87AA-4FE6887AFFDC}.Release|x64.Build.0 = Release|Any CPU
		{EB500381-0300-4F22-87AA-4FE6887AFFDC}.Release|x86.ActiveCfg = Release|Any CPU
		{EB500381-0300-4F22-87AA-4FE6887AFFDC}.Release|x86.Build.0 = Release|Any CPU
	EndGlobalSection
	GlobalSection(SolutionProperties) = preSolution
		HideSolutionNode = FALSE
	EndGlobalSection
	GlobalSection(ExtensibilityGlobals) = postSolution
		SolutionGuid = {D2FAA1DD-62DD-4324-BF35-3A115DAF1A60}
	EndGlobalSection
EndGlobal
